// !$*UTF8*$!
{
	archiveVersion = 1;
	classes = {
	};
	objectVersion = 46;
	objects = {

/* Begin PBXBuildFile section */
		842A7F1E1A9BEC7D00ADD178 /* AppDelegate.swift in Sources */ = {isa = PBXBuildFile; fileRef = 842A7F1D1A9BEC7D00ADD178 /* AppDelegate.swift */; };
		842A7F211A9BEC7D00ADD178 /* Dupe_d.xcdatamodeld in Sources */ = {isa = PBXBuildFile; fileRef = 842A7F1F1A9BEC7D00ADD178 /* Dupe_d.xcdatamodeld */; };
		842A7F261A9BEC7D00ADD178 /* Main.storyboard in Resources */ = {isa = PBXBuildFile; fileRef = 842A7F241A9BEC7D00ADD178 /* Main.storyboard */; };
		842A7F281A9BEC7D00ADD178 /* Images.xcassets in Resources */ = {isa = PBXBuildFile; fileRef = 842A7F271A9BEC7D00ADD178 /* Images.xcassets */; };
		842A7F2B1A9BEC7D00ADD178 /* LaunchScreen.xib in Resources */ = {isa = PBXBuildFile; fileRef = 842A7F291A9BEC7D00ADD178 /* LaunchScreen.xib */; };
		842A7F371A9BEC7D00ADD178 /* Dupe_dTests.swift in Sources */ = {isa = PBXBuildFile; fileRef = 842A7F361A9BEC7D00ADD178 /* Dupe_dTests.swift */; };
		842A7F4A1A9C160900ADD178 /* lipstick.jpg in Resources */ = {isa = PBXBuildFile; fileRef = 842A7F401A9C160900ADD178 /* lipstick.jpg */; };
		842A7F4B1A9C160900ADD178 /* mac_oxblood004-313x200.jpg in Resources */ = {isa = PBXBuildFile; fileRef = 842A7F411A9C160900ADD178 /* mac_oxblood004-313x200.jpg */; };
		842A7F4C1A9C160900ADD178 /* nars_digitalworld018-313x200.jpg in Resources */ = {isa = PBXBuildFile; fileRef = 842A7F421A9C160900ADD178 /* nars_digitalworld018-313x200.jpg */; };
		842A7F4D1A9C160900ADD178 /* NARS-Tolede-Lipstick.jpg in Resources */ = {isa = PBXBuildFile; fileRef = 842A7F431A9C160900ADD178 /* NARS-Tolede-Lipstick.jpg */; };
		842A7F4E1A9C160900ADD178 /* Screenshot 2015-02-19 20.06.49.png in Resources */ = {isa = PBXBuildFile; fileRef = 842A7F441A9C160900ADD178 /* Screenshot 2015-02-19 20.06.49.png */; };
		842A7F4F1A9C160900ADD178 /* Screenshot 2015-02-19 20.07.29.png in Resources */ = {isa = PBXBuildFile; fileRef = 842A7F451A9C160900ADD178 /* Screenshot 2015-02-19 20.07.29.png */; };
		842A7F501A9C160900ADD178 /* back.png in Resources */ = {isa = PBXBuildFile; fileRef = 842A7F461A9C160900ADD178 /* back.png */; };
		842A7F511A9C160900ADD178 /* share.png in Resources */ = {isa = PBXBuildFile; fileRef = 842A7F471A9C160900ADD178 /* share.png */; };
		842A7F521A9C160900ADD178 /* tumblr_lr15ag8kn61qmu28ko1_500[1].jpg in Resources */ = {isa = PBXBuildFile; fileRef = 842A7F481A9C160900ADD178 /* tumblr_lr15ag8kn61qmu28ko1_500[1].jpg */; };
		842A7F531A9C160900ADD178 /* orangeLabel.png in Resources */ = {isa = PBXBuildFile; fileRef = 842A7F491A9C160900ADD178 /* orangeLabel.png */; };
		842A7F551A9C165C00ADD178 /* DetailViewController.swift in Sources */ = {isa = PBXBuildFile; fileRef = 842A7F541A9C165C00ADD178 /* DetailViewController.swift */; };
		842A7F571A9C16B700ADD178 /* ResultsTableViewController.swift in Sources */ = {isa = PBXBuildFile; fileRef = 842A7F561A9C16B700ADD178 /* ResultsTableViewController.swift */; };
		842A7F591A9C177700ADD178 /* PrototypeTableViewCell.swift in Sources */ = {isa = PBXBuildFile; fileRef = 842A7F581A9C177700ADD178 /* PrototypeTableViewCell.swift */; };
		842A7F5B1A9C1ED000ADD178 /* Dupe.swift in Sources */ = {isa = PBXBuildFile; fileRef = 842A7F5A1A9C1ED000ADD178 /* Dupe.swift */; };
/* End PBXBuildFile section */

/* Begin PBXContainerItemProxy section */
		842A7F311A9BEC7D00ADD178 /* PBXContainerItemProxy */ = {
			isa = PBXContainerItemProxy;
			containerPortal = 842A7F101A9BEC7D00ADD178 /* Project object */;
			proxyType = 1;
			remoteGlobalIDString = 842A7F171A9BEC7D00ADD178;
			remoteInfo = "Dupe'd";
		};
/* End PBXContainerItemProxy section */

/* Begin PBXFileReference section */
		842A7F181A9BEC7D00ADD178 /* Dupe'd.app */ = {isa = PBXFileReference; explicitFileType = wrapper.application; includeInIndex = 0; path = "Dupe'd.app"; sourceTree = BUILT_PRODUCTS_DIR; };
		842A7F1C1A9BEC7D00ADD178 /* Info.plist */ = {isa = PBXFileReference; lastKnownFileType = text.plist.xml; path = Info.plist; sourceTree = "<group>"; };
		842A7F1D1A9BEC7D00ADD178 /* AppDelegate.swift */ = {isa = PBXFileReference; lastKnownFileType = sourcecode.swift; path = AppDelegate.swift; sourceTree = "<group>"; };
		842A7F201A9BEC7D00ADD178 /* Dupe_d.xcdatamodel */ = {isa = PBXFileReference; lastKnownFileType = wrapper.xcdatamodel; path = Dupe_d.xcdatamodel; sourceTree = "<group>"; };
		842A7F251A9BEC7D00ADD178 /* Base */ = {isa = PBXFileReference; lastKnownFileType = file.storyboard; name = Base; path = Base.lproj/Main.storyboard; sourceTree = "<group>"; };
		842A7F271A9BEC7D00ADD178 /* Images.xcassets */ = {isa = PBXFileReference; lastKnownFileType = folder.assetcatalog; path = Images.xcassets; sourceTree = "<group>"; };
		842A7F2A1A9BEC7D00ADD178 /* Base */ = {isa = PBXFileReference; lastKnownFileType = file.xib; name = Base; path = Base.lproj/LaunchScreen.xib; sourceTree = "<group>"; };
		842A7F301A9BEC7D00ADD178 /* Dupe'dTests.xctest */ = {isa = PBXFileReference; explicitFileType = wrapper.cfbundle; includeInIndex = 0; path = "Dupe'dTests.xctest"; sourceTree = BUILT_PRODUCTS_DIR; };
		842A7F351A9BEC7D00ADD178 /* Info.plist */ = {isa = PBXFileReference; lastKnownFileType = text.plist.xml; path = Info.plist; sourceTree = "<group>"; };
		842A7F361A9BEC7D00ADD178 /* Dupe_dTests.swift */ = {isa = PBXFileReference; lastKnownFileType = sourcecode.swift; path = Dupe_dTests.swift; sourceTree = "<group>"; };
		842A7F401A9C160900ADD178 /* lipstick.jpg */ = {isa = PBXFileReference; lastKnownFileType = image.jpeg; name = lipstick.jpg; path = ../../Desktop/lipstick.jpg; sourceTree = "<group>"; };
		842A7F411A9C160900ADD178 /* mac_oxblood004-313x200.jpg */ = {isa = PBXFileReference; lastKnownFileType = image.jpeg; name = "mac_oxblood004-313x200.jpg"; path = "../../Desktop/mac_oxblood004-313x200.jpg"; sourceTree = "<group>"; };
		842A7F421A9C160900ADD178 /* nars_digitalworld018-313x200.jpg */ = {isa = PBXFileReference; lastKnownFileType = image.jpeg; name = "nars_digitalworld018-313x200.jpg"; path = "../../Desktop/nars_digitalworld018-313x200.jpg"; sourceTree = "<group>"; };
		842A7F431A9C160900ADD178 /* NARS-Tolede-Lipstick.jpg */ = {isa = PBXFileReference; lastKnownFileType = image.jpeg; name = "NARS-Tolede-Lipstick.jpg"; path = "../../Desktop/NARS-Tolede-Lipstick.jpg"; sourceTree = "<group>"; };
		842A7F441A9C160900ADD178 /* Screenshot 2015-02-19 20.06.49.png */ = {isa = PBXFileReference; lastKnownFileType = image.png; name = "Screenshot 2015-02-19 20.06.49.png"; path = "../../Desktop/Screenshot 2015-02-19 20.06.49.png"; sourceTree = "<group>"; };
		842A7F451A9C160900ADD178 /* Screenshot 2015-02-19 20.07.29.png */ = {isa = PBXFileReference; lastKnownFileType = image.png; name = "Screenshot 2015-02-19 20.07.29.png"; path = "../../Desktop/Screenshot 2015-02-19 20.07.29.png"; sourceTree = "<group>"; };
		842A7F461A9C160900ADD178 /* back.png */ = {isa = PBXFileReference; lastKnownFileType = image.png; name = back.png; path = ../../Desktop/back.png; sourceTree = "<group>"; };
		842A7F471A9C160900ADD178 /* share.png */ = {isa = PBXFileReference; lastKnownFileType = image.png; name = share.png; path = ../../Desktop/share.png; sourceTree = "<group>"; };
		842A7F481A9C160900ADD178 /* tumblr_lr15ag8kn61qmu28ko1_500[1].jpg */ = {isa = PBXFileReference; lastKnownFileType = image.jpeg; name = "tumblr_lr15ag8kn61qmu28ko1_500[1].jpg"; path = "../../Desktop/tumblr_lr15ag8kn61qmu28ko1_500[1].jpg"; sourceTree = "<group>"; };
		842A7F491A9C160900ADD178 /* orangeLabel.png */ = {isa = PBXFileReference; lastKnownFileType = image.png; name = orangeLabel.png; path = ../../Desktop/orangeLabel.png; sourceTree = "<group>"; };
		842A7F541A9C165C00ADD178 /* DetailViewController.swift */ = {isa = PBXFileReference; fileEncoding = 4; lastKnownFileType = sourcecode.swift; path = DetailViewController.swift; sourceTree = "<group>"; };
		842A7F561A9C16B700ADD178 /* ResultsTableViewController.swift */ = {isa = PBXFileReference; fileEncoding = 4; lastKnownFileType = sourcecode.swift; path = ResultsTableViewController.swift; sourceTree = "<group>"; };
		842A7F581A9C177700ADD178 /* PrototypeTableViewCell.swift */ = {isa = PBXFileReference; fileEncoding = 4; lastKnownFileType = sourcecode.swift; path = PrototypeTableViewCell.swift; sourceTree = "<group>"; };
		842A7F5A1A9C1ED000ADD178 /* Dupe.swift */ = {isa = PBXFileReference; fileEncoding = 4; lastKnownFileType = sourcecode.swift; path = Dupe.swift; sourceTree = "<group>"; };
/* End PBXFileReference section */

/* Begin PBXFrameworksBuildPhase section */
		842A7F151A9BEC7D00ADD178 /* Frameworks */ = {
			isa = PBXFrameworksBuildPhase;
			buildActionMask = 2147483647;
			files = (
			);
			runOnlyForDeploymentPostprocessing = 0;
		};
		842A7F2D1A9BEC7D00ADD178 /* Frameworks */ = {
			isa = PBXFrameworksBuildPhase;
			buildActionMask = 2147483647;
			files = (
			);
			runOnlyForDeploymentPostprocessing = 0;
		};
/* End PBXFrameworksBuildPhase section */

/* Begin PBXGroup section */
		842A7F0F1A9BEC7D00ADD178 = {
			isa = PBXGroup;
			children = (
				842A7F1A1A9BEC7D00ADD178 /* Dupe'd */,
				842A7F331A9BEC7D00ADD178 /* Dupe'dTests */,
				842A7F191A9BEC7D00ADD178 /* Products */,
				842A7F401A9C160900ADD178 /* lipstick.jpg */,
				842A7F411A9C160900ADD178 /* mac_oxblood004-313x200.jpg */,
				842A7F421A9C160900ADD178 /* nars_digitalworld018-313x200.jpg */,
				842A7F431A9C160900ADD178 /* NARS-Tolede-Lipstick.jpg */,
				842A7F441A9C160900ADD178 /* Screenshot 2015-02-19 20.06.49.png */,
				842A7F451A9C160900ADD178 /* Screenshot 2015-02-19 20.07.29.png */,
				842A7F461A9C160900ADD178 /* back.png */,
				842A7F471A9C160900ADD178 /* share.png */,
				842A7F481A9C160900ADD178 /* tumblr_lr15ag8kn61qmu28ko1_500[1].jpg */,
				842A7F491A9C160900ADD178 /* orangeLabel.png */,
			);
			sourceTree = "<group>";
		};
		842A7F191A9BEC7D00ADD178 /* Products */ = {
			isa = PBXGroup;
			children = (
				842A7F181A9BEC7D00ADD178 /* Dupe'd.app */,
				842A7F301A9BEC7D00ADD178 /* Dupe'dTests.xctest */,
			);
			name = Products;
			sourceTree = "<group>";
		};
		842A7F1A1A9BEC7D00ADD178 /* Dupe'd */ = {
			isa = PBXGroup;
			children = (
				842A7F241A9BEC7D00ADD178 /* Main.storyboard */,
				842A7F561A9C16B700ADD178 /* ResultsTableViewController.swift */,
				842A7F541A9C165C00ADD178 /* DetailViewController.swift */,
				842A7F1D1A9BEC7D00ADD178 /* AppDelegate.swift */,
				842A7F5A1A9C1ED000ADD178 /* Dupe.swift */,
				842A7F581A9C177700ADD178 /* PrototypeTableViewCell.swift */,
				842A7F271A9BEC7D00ADD178 /* Images.xcassets */,
				842A7F291A9BEC7D00ADD178 /* LaunchScreen.xib */,
				842A7F1F1A9BEC7D00ADD178 /* Dupe_d.xcdatamodeld */,
				842A7F1B1A9BEC7D00ADD178 /* Supporting Files */,
			);
			path = "Dupe'd";
			sourceTree = "<group>";
		};
		842A7F1B1A9BEC7D00ADD178 /* Supporting Files */ = {
			isa = PBXGroup;
			children = (
				842A7F1C1A9BEC7D00ADD178 /* Info.plist */,
			);
			name = "Supporting Files";
			sourceTree = "<group>";
		};
		842A7F331A9BEC7D00ADD178 /* Dupe'dTests */ = {
			isa = PBXGroup;
			children = (
				842A7F361A9BEC7D00ADD178 /* Dupe_dTests.swift */,
				842A7F341A9BEC7D00ADD178 /* Supporting Files */,
			);
			path = "Dupe'dTests";
			sourceTree = "<group>";
		};
		842A7F341A9BEC7D00ADD178 /* Supporting Files */ = {
			isa = PBXGroup;
			children = (
				842A7F351A9BEC7D00ADD178 /* Info.plist */,
			);
			name = "Supporting Files";
			sourceTree = "<group>";
		};
/* End PBXGroup section */

/* Begin PBXNativeTarget section */
		842A7F171A9BEC7D00ADD178 /* Dupe'd */ = {
			isa = PBXNativeTarget;
			buildConfigurationList = 842A7F3A1A9BEC7D00ADD178 /* Build configuration list for PBXNativeTarget "Dupe'd" */;
			buildPhases = (
				842A7F141A9BEC7D00ADD178 /* Sources */,
				842A7F151A9BEC7D00ADD178 /* Frameworks */,
				842A7F161A9BEC7D00ADD178 /* Resources */,
			);
			buildRules = (
			);
			dependencies = (
			);
			name = "Dupe'd";
			productName = "Dupe'd";
			productReference = 842A7F181A9BEC7D00ADD178 /* Dupe'd.app */;
			productType = "com.apple.product-type.application";
		};
		842A7F2F1A9BEC7D00ADD178 /* Dupe'dTests */ = {
			isa = PBXNativeTarget;
			buildConfigurationList = 842A7F3D1A9BEC7D00ADD178 /* Build configuration list for PBXNativeTarget "Dupe'dTests" */;
			buildPhases = (
				842A7F2C1A9BEC7D00ADD178 /* Sources */,
				842A7F2D1A9BEC7D00ADD178 /* Frameworks */,
				842A7F2E1A9BEC7D00ADD178 /* Resources */,
			);
			buildRules = (
			);
			dependencies = (
				842A7F321A9BEC7D00ADD178 /* PBXTargetDependency */,
			);
			name = "Dupe'dTests";
			productName = "Dupe'dTests";
			productReference = 842A7F301A9BEC7D00ADD178 /* Dupe'dTests.xctest */;
			productType = "com.apple.product-type.bundle.unit-test";
		};
/* End PBXNativeTarget section */

/* Begin PBXProject section */
		842A7F101A9BEC7D00ADD178 /* Project object */ = {
			isa = PBXProject;
			attributes = {
				LastUpgradeCheck = 0630;
				ORGANIZATIONNAME = K8La;
				TargetAttributes = {
					842A7F171A9BEC7D00ADD178 = {
						CreatedOnToolsVersion = 6.3;
					};
					842A7F2F1A9BEC7D00ADD178 = {
						CreatedOnToolsVersion = 6.3;
						TestTargetID = 842A7F171A9BEC7D00ADD178;
					};
				};
			};
			buildConfigurationList = 842A7F131A9BEC7D00ADD178 /* Build configuration list for PBXProject "Dupe'd" */;
			compatibilityVersion = "Xcode 3.2";
			developmentRegion = English;
			hasScannedForEncodings = 0;
			knownRegions = (
				en,
				Base,
			);
			mainGroup = 842A7F0F1A9BEC7D00ADD178;
			productRefGroup = 842A7F191A9BEC7D00ADD178 /* Products */;
			projectDirPath = "";
			projectRoot = "";
			targets = (
				842A7F171A9BEC7D00ADD178 /* Dupe'd */,
				842A7F2F1A9BEC7D00ADD178 /* Dupe'dTests */,
			);
		};
/* End PBXProject section */

/* Begin PBXResourcesBuildPhase section */
		842A7F161A9BEC7D00ADD178 /* Resources */ = {
			isa = PBXResourcesBuildPhase;
			buildActionMask = 2147483647;
			files = (
				842A7F4C1A9C160900ADD178 /* nars_digitalworld018-313x200.jpg in Resources */,
				842A7F531A9C160900ADD178 /* orangeLabel.png in Resources */,
				842A7F4B1A9C160900ADD178 /* mac_oxblood004-313x200.jpg in Resources */,
				842A7F4E1A9C160900ADD178 /* Screenshot 2015-02-19 20.06.49.png in Resources */,
				842A7F261A9BEC7D00ADD178 /* Main.storyboard in Resources */,
				842A7F511A9C160900ADD178 /* share.png in Resources */,
				842A7F4D1A9C160900ADD178 /* NARS-Tolede-Lipstick.jpg in Resources */,
				842A7F2B1A9BEC7D00ADD178 /* LaunchScreen.xib in Resources */,
				842A7F501A9C160900ADD178 /* back.png in Resources */,
				842A7F4A1A9C160900ADD178 /* lipstick.jpg in Resources */,
				842A7F281A9BEC7D00ADD178 /* Images.xcassets in Resources */,
				842A7F521A9C160900ADD178 /* tumblr_lr15ag8kn61qmu28ko1_500[1].jpg in Resources */,
				842A7F4F1A9C160900ADD178 /* Screenshot 2015-02-19 20.07.29.png in Resources */,
			);
			runOnlyForDeploymentPostprocessing = 0;
		};
		842A7F2E1A9BEC7D00ADD178 /* Resources */ = {
			isa = PBXResourcesBuildPhase;
			buildActionMask = 2147483647;
			files = (
			);
			runOnlyForDeploymentPostprocessing = 0;
		};
/* End PBXResourcesBuildPhase section */

/* Begin PBXSourcesBuildPhase section */
		842A7F141A9BEC7D00ADD178 /* Sources */ = {
			isa = PBXSourcesBuildPhase;
			buildActionMask = 2147483647;
			files = (
				842A7F571A9C16B700ADD178 /* ResultsTableViewController.swift in Sources */,
				842A7F5B1A9C1ED000ADD178 /* Dupe.swift in Sources */,
				842A7F551A9C165C00ADD178 /* DetailViewController.swift in Sources */,
				842A7F211A9BEC7D00ADD178 /* Dupe_d.xcdatamodeld in Sources */,
				842A7F1E1A9BEC7D00ADD178 /* AppDelegate.swift in Sources */,
				842A7F591A9C177700ADD178 /* PrototypeTableViewCell.swift in Sources */,
			);
			runOnlyForDeploymentPostprocessing = 0;
		};
		842A7F2C1A9BEC7D00ADD178 /* Sources */ = {
			isa = PBXSourcesBuildPhase;
			buildActionMask = 2147483647;
			files = (
				842A7F371A9BEC7D00ADD178 /* Dupe_dTests.swift in Sources */,
			);
			runOnlyForDeploymentPostprocessing = 0;
		};
/* End PBXSourcesBuildPhase section */

/* Begin PBXTargetDependency section */
		842A7F321A9BEC7D00ADD178 /* PBXTargetDependency */ = {
			isa = PBXTargetDependency;
			target = 842A7F171A9BEC7D00ADD178 /* Dupe'd */;
			targetProxy = 842A7F311A9BEC7D00ADD178 /* PBXContainerItemProxy */;
		};
/* End PBXTargetDependency section */

/* Begin PBXVariantGroup section */
		842A7F241A9BEC7D00ADD178 /* Main.storyboard */ = {
			isa = PBXVariantGroup;
			children = (
				842A7F251A9BEC7D00ADD178 /* Base */,
			);
			name = Main.storyboard;
			sourceTree = "<group>";
		};
		842A7F291A9BEC7D00ADD178 /* LaunchScreen.xib */ = {
			isa = PBXVariantGroup;
			children = (
				842A7F2A1A9BEC7D00ADD178 /* Base */,
			);
			name = LaunchScreen.xib;
			sourceTree = "<group>";
		};
/* End PBXVariantGroup section */

/* Begin XCBuildConfiguration section */
		842A7F381A9BEC7D00ADD178 /* Debug */ = {
			isa = XCBuildConfiguration;
			buildSettings = {
				ALWAYS_SEARCH_USER_PATHS = NO;
				CLANG_CXX_LANGUAGE_STANDARD = "gnu++0x";
				CLANG_CXX_LIBRARY = "libc++";
				CLANG_ENABLE_MODULES = YES;
				CLANG_ENABLE_OBJC_ARC = YES;
				CLANG_WARN_BOOL_CONVERSION = YES;
				CLANG_WARN_CONSTANT_CONVERSION = YES;
				CLANG_WARN_DIRECT_OBJC_ISA_USAGE = YES_ERROR;
				CLANG_WARN_EMPTY_BODY = YES;
				CLANG_WARN_ENUM_CONVERSION = YES;
				CLANG_WARN_INT_CONVERSION = YES;
				CLANG_WARN_OBJC_ROOT_CLASS = YES_ERROR;
				CLANG_WARN_UNREACHABLE_CODE = YES;
				CLANG_WARN__DUPLICATE_METHOD_MATCH = YES;
				"CODE_SIGN_IDENTITY[sdk=iphoneos*]" = "iPhone Developer";
				COPY_PHASE_STRIP = NO;
				DEBUG_INFORMATION_FORMAT = dwarf;
				ENABLE_STRICT_OBJC_MSGSEND = YES;
				GCC_C_LANGUAGE_STANDARD = gnu99;
				GCC_DYNAMIC_NO_PIC = NO;
				GCC_OPTIMIZATION_LEVEL = 0;
				GCC_PREPROCESSOR_DEFINITIONS = (
					"DEBUG=1",
					"$(inherited)",
				);
				GCC_SYMBOLS_PRIVATE_EXTERN = NO;
				GCC_WARN_64_TO_32_BIT_CONVERSION = YES;
				GCC_WARN_ABOUT_RETURN_TYPE = YES_ERROR;
				GCC_WARN_UNDECLARED_SELECTOR = YES;
				GCC_WARN_UNINITIALIZED_AUTOS = YES_AGGRESSIVE;
				GCC_WARN_UNUSED_FUNCTION = YES;
				GCC_WARN_UNUSED_VARIABLE = YES;
				IPHONEOS_DEPLOYMENT_TARGET = 8.3;
				MTL_ENABLE_DEBUG_INFO = YES;
				ONLY_ACTIVE_ARCH = YES;
				SDKROOT = iphoneos;
				SWIFT_OPTIMIZATION_LEVEL = "-Onone";
			};
			name = Debug;
		};
		842A7F391A9BEC7D00ADD178 /* Release */ = {
			isa = XCBuildConfiguration;
			buildSettings = {
				ALWAYS_SEARCH_USER_PATHS = NO;
				CLANG_CXX_LANGUAGE_STANDARD = "gnu++0x";
				CLANG_CXX_LIBRARY = "libc++";
				CLANG_ENABLE_MODULES = YES;
				CLANG_ENABLE_OBJC_ARC = YES;
				CLANG_WARN_BOOL_CONVERSION = YES;
				CLANG_WARN_CONSTANT_CONVERSION = YES;
				CLANG_WARN_DIRECT_OBJC_ISA_USAGE = YES_ERROR;
				CLANG_WARN_EMPTY_BODY = YES;
				CLANG_WARN_ENUM_CONVERSION = YES;
				CLANG_WARN_INT_CONVERSION = YES;
				CLANG_WARN_OBJC_ROOT_CLASS = YES_ERROR;
				CLANG_WARN_UNREACHABLE_CODE = YES;
				CLANG_WARN__DUPLICATE_METHOD_MATCH = YES;
				"CODE_SIGN_IDENTITY[sdk=iphoneos*]" = "iPhone Developer";
				COPY_PHASE_STRIP = NO;
				DEBUG_INFORMATION_FORMAT = "dwarf-with-dsym";
				ENABLE_NS_ASSERTIONS = NO;
				ENABLE_STRICT_OBJC_MSGSEND = YES;
				GCC_C_LANGUAGE_STANDARD = gnu99;
				GCC_WARN_64_TO_32_BIT_CONVERSION = YES;
				GCC_WARN_ABOUT_RETURN_TYPE = YES_ERROR;
				GCC_WARN_UNDECLARED_SELECTOR = YES;
				GCC_WARN_UNINITIALIZED_AUTOS = YES_AGGRESSIVE;
				GCC_WARN_UNUSED_FUNCTION = YES;
				GCC_WARN_UNUSED_VARIABLE = YES;
				IPHONEOS_DEPLOYMENT_TARGET = 8.3;
				MTL_ENABLE_DEBUG_INFO = NO;
				SDKROOT = iphoneos;
				VALIDATE_PRODUCT = YES;
			};
			name = Release;
		};
		842A7F3B1A9BEC7D00ADD178 /* Debug */ = {
			isa = XCBuildConfiguration;
			buildSettings = {
				ASSETCATALOG_COMPILER_APPICON_NAME = AppIcon;
				INFOPLIST_FILE = "Dupe'd/Info.plist";
				IPHONEOS_DEPLOYMENT_TARGET = 7.0;
				LD_RUNPATH_SEARCH_PATHS = "$(inherited) @executable_path/Frameworks";
				PRODUCT_NAME = "$(TARGET_NAME)";
				TARGETED_DEVICE_FAMILY = "1,2";
			};
			name = Debug;
		};
		842A7F3C1A9BEC7D00ADD178 /* Release */ = {
			isa = XCBuildConfiguration;
			buildSettings = {
				ASSETCATALOG_COMPILER_APPICON_NAME = AppIcon;
				INFOPLIST_FILE = "Dupe'd/Info.plist";
				IPHONEOS_DEPLOYMENT_TARGET = 7.0;
				LD_RUNPATH_SEARCH_PATHS = "$(inherited) @executable_path/Frameworks";
				PRODUCT_NAME = "$(TARGET_NAME)";
				TARGETED_DEVICE_FAMILY = "1,2";
			};
			name = Release;
		};
		842A7F3E1A9BEC7D00ADD178 /* Debug */ = {
			isa = XCBuildConfiguration;
			buildSettings = {
				BUNDLE_LOADER = "$(TEST_HOST)";
				FRAMEWORK_SEARCH_PATHS = (
					"$(SDKROOT)/Developer/Library/Frameworks",
					"$(inherited)",
				);
				GCC_PREPROCESSOR_DEFINITIONS = (
					"DEBUG=1",
					"$(inherited)",
				);
				INFOPLIST_FILE = "Dupe'dTests/Info.plist";
				LD_RUNPATH_SEARCH_PATHS = "$(inherited) @executable_path/Frameworks @loader_path/Frameworks";
				PRODUCT_NAME = "$(TARGET_NAME)";
				TEST_HOST = "$(BUILT_PRODUCTS_DIR)/Dupe'd.app/Dupe'd";
			};
			name = Debug;
		};
		842A7F3F1A9BEC7D00ADD178 /* Release */ = {
			isa = XCBuildConfiguration;
			buildSettings = {
				BUNDLE_LOADER = "$(TEST_HOST)";
				FRAMEWORK_SEARCH_PATHS = (
					"$(SDKROOT)/Developer/Library/Frameworks",
					"$(inherited)",
				);
				INFOPLIST_FILE = "Dupe'dTests/Info.plist";
				LD_RUNPATH_SEARCH_PATHS = "$(inherited) @executable_path/Frameworks @loader_path/Frameworks";
				PRODUCT_NAME = "$(TARGET_NAME)";
				TEST_HOST = "$(BUILT_PRODUCTS_DIR)/Dupe'd.app/Dupe'd";
			};
			name = Release;
		};
/* End XCBuildConfiguration section */

/* Begin XCConfigurationList section */
		842A7F131A9BEC7D00ADD178 /* Build configuration list for PBXProject "Dupe'd" */ = {
			isa = XCConfigurationList;
			buildConfigurations = (
				842A7F381A9BEC7D00ADD178 /* Debug */,
				842A7F391A9BEC7D00ADD178 /* Release */,
			);
			defaultConfigurationIsVisible = 0;
			defaultConfigurationName = Release;
		};
		842A7F3A1A9BEC7D00ADD178 /* Build configuration list for PBXNativeTarget "Dupe'd" */ = {
			isa = XCConfigurationList;
			buildConfigurations = (
				842A7F3B1A9BEC7D00ADD178 /* Debug */,
				842A7F3C1A9BEC7D00ADD178 /* Release */,
			);
			defaultConfigurationIsVisible = 0;
		};
		842A7F3D1A9BEC7D00ADD178 /* Build configuration list for PBXNativeTarget "Dupe'dTests" */ = {
			isa = XCConfigurationList;
			buildConfigurations = (
				842A7F3E1A9BEC7D00ADD178 /* Debug */,
				842A7F3F1A9BEC7D00ADD178 /* Release */,
			);
			defaultConfigurationIsVisible = 0;
		};
/* End XCConfigurationList section */

/* Begin XCVersionGroup section */
		842A7F1F1A9BEC7D00ADD178 /* Dupe_d.xcdatamodeld */ = {
			isa = XCVersionGroup;
			children = (
				842A7F201A9BEC7D00ADD178 /* Dupe_d.xcdatamodel */,
			);
			currentVersion = 842A7F201A9BEC7D00ADD178 /* Dupe_d.xcdatamodel */;
			path = Dupe_d.xcdatamodeld;
			sourceTree = "<group>";
			versionGroupType = wrapper.xcdatamodel;
		};
/* End XCVersionGroup section */
	};
	rootObject = 842A7F101A9BEC7D00ADD178 /* Project object */;
}
